{
 "_meta": {
  "file-type": "spack-lockfile",
  "lockfile-version": 2
 },
 "roots": [
  {
   "hash": "cx7frpcxy3uqsls3u7b6zkzgmimbihtc",
   "spec": "mypkg@main+cuda~mpi+shared build_type=Debug ^cuda@:11.0 arch=linux-None-x86_64"
  },
  {
   "hash": "n4yidr6drga43er2kfsurw4rmupcenti",
   "spec": "mypkg@main+cuda~mpi~shared build_type=Debug ^cuda@:11.0 arch=linux-None-x86_64"
  }
 ],
 "concrete_specs": {
  "cx7frpcxy3uqsls3u7b6zkzgmimbihtc": {
   "mypkg": {
    "version": "main",
    "arch": {
     "platform": "linux",
     "platform_os": "ubuntu18.04",
     "target": "x86_64"
    },
    "compiler": {
     "name": "gcc",
     "version": "7.5.0"
    },
    "namespace": "spack",
    "parameters": {
     "build_type": "Debug",
     "cuda": true,
     "dev_path": "/sources/tools/environments/ci/../../..",
     "ipo": false,
     "mpi": false,
     "shared": true,
     "cflags": [],
     "cppflags": [],
     "cxxflags": [],
     "fflags": [],
     "ldflags": [],
     "ldlibs": []
    },
    "dependencies": {
     "cmake": {
      "hash": "ixcdygozpvzur6bbtyjxlptftvp6f2mz",
      "type": [
       "build"
      ]
     },
     "cuda": {
      "hash": "gswj2fbushu55c5yiciwowtujhzvsitq",
      "type": [
       "build",
       "link"
      ]
     }
    },
    "hash": "2rlu75ehdgigy6izxqs6mjgrfnpeixqe"
   }
  },
  "ixcdygozpvzur6bbtyjxlptftvp6f2mz": {
   "cmake": {
    "version": "3.19.4",
    "arch": {
     "platform": "linux",
     "platform_os": "ubuntu18.04",
     "target": "x86_64"
    },
    "compiler": {
     "name": "gcc",
     "version": "7.5.0"
    },
    "namespace": "builtin",
    "parameters": {
     "doc": false,
     "ncurses": true,
     "openssl": true,
     "ownlibs": true,
     "qt": false,
     "cflags": [],
     "cppflags": [],
     "cxxflags": [],
     "fflags": [],
     "ldflags": [],
     "ldlibs": []
    },
    "dependencies": {
     "ncurses": {
      "hash": "3haan3ephzgukfq7keelbwvmpuulev2p",
      "type": [
       "build",
       "link"
      ]
     },
     "openssl": {
      "hash": "mnbqszn66ohpsg3pf4rglpk7pem42rpq",
      "type": [
       "build",
       "link"
      ]
     }
    },
    "hash": "ciksitkdua7p7wjzraap7bnrac56nmbb"
   }
  },
  "3haan3ephzgukfq7keelbwvmpuulev2p": {
   "ncurses": {
    "version": "6.2",
    "arch": {
     "platform": "linux",
     "platform_os": "ubuntu18.04",
     "target": "x86_64"
    },
    "compiler": {
     "name": "gcc",
     "version": "7.5.0"
    },
    "namespace": "builtin",
    "parameters": {
     "symlinks": false,
     "termlib": true,
     "cflags": [],
     "cppflags": [],
     "cxxflags": [],
     "fflags": [],
     "ldflags": [],
     "ldlibs": []
    },
    "dependencies": {
     "pkgconf": {
      "hash": "4sh6pymrm2ms4auu3ajbjjr6fiuhz5g7",
      "type": [
       "build"
      ]
     }
    },
    "hash": "crhlefo3dv7lmsv5pf4icsy4gepkdorm"
   }
  },
  "4sh6pymrm2ms4auu3ajbjjr6fiuhz5g7": {
   "pkgconf": {
    "version": "1.7.3",
    "arch": {
     "platform": "linux",
     "platform_os": "ubuntu18.04",
     "target": "x86_64"
    },
    "compiler": {
     "name": "gcc",
     "version": "7.5.0"
    },
    "namespace": "builtin",
    "parameters": {
     "cflags": [],
     "cppflags": [],
     "cxxflags": [],
     "fflags": [],
     "ldflags": [],
     "ldlibs": []
    },
    "hash": "4sh6pymrm2ms4auu3ajbjjr6fiuhz5g7"
   }
  },
  "mnbqszn66ohpsg3pf4rglpk7pem42rpq": {
   "openssl": {
    "version": "1.1.1i",
    "arch": {
     "platform": "linux",
     "platform_os": "ubuntu18.04",
     "target": "x86_64"
    },
    "compiler": {
     "name": "gcc",
     "version": "7.5.0"
    },
    "namespace": "builtin",
    "parameters": {
     "systemcerts": true,
     "cflags": [],
     "cppflags": [],
     "cxxflags": [],
     "fflags": [],
     "ldflags": [],
     "ldlibs": []
    },
    "dependencies": {
     "perl": {
      "hash": "yn4agqrbsnodicgfc4c27efvdbehnuro",
      "type": [
       "build",
       "test"
      ]
     },
     "zlib": {
      "hash": "smoyzzo2qhzpn6mg6rd3l2p7b23enshg",
      "type": [
       "build",
       "link"
      ]
     }
    },
    "hash": "zlikk6yvr6wef5gakkf3u6nyrcxz24me"
   }
  },
  "yn4agqrbsnodicgfc4c27efvdbehnuro": {
   "perl": {
    "version": "5.32.1",
    "arch": {
     "platform": "linux",
     "platform_os": "ubuntu18.04",
     "target": "x86_64"
    },
    "compiler": {
     "name": "gcc",
     "version": "7.5.0"
    },
    "namespace": "builtin",
    "parameters": {
     "cpanm": true,
     "shared": true,
     "threads": true,
     "cflags": [],
     "cppflags": [],
     "cxxflags": [],
     "fflags": [],
     "ldflags": [],
     "ldlibs": []
    },
    "dependencies": {
     "berkeley-db": {
      "hash": "4ihuiazsglf22f3pntq5hc4kyszqzexn",
      "type": [
       "build",
       "link"
      ]
     },
     "gdbm": {
      "hash": "gpxs7nhpzw3jgu6naazzoo5yyarrckrp",
      "type": [
       "build",
       "link"
      ]
     }
    },
    "hash": "uddx5ujnhkpz57nzow7vny6degazyeqo"
   }
  },
  "4ihuiazsglf22f3pntq5hc4kyszqzexn": {
   "berkeley-db": {
    "version": "18.1.40",
    "arch": {
     "platform": "linux",
     "platform_os": "ubuntu18.04",
     "target": "x86_64"
    },
    "compiler": {
     "name": "gcc",
     "version": "7.5.0"
    },
    "namespace": "builtin",
    "parameters": {
     "cflags": [],
     "cppflags": [],
     "cxxflags": [],
     "fflags": [],
     "ldflags": [],
     "ldlibs": []
    },
    "hash": "4ihuiazsglf22f3pntq5hc4kyszqzexn"
   }
  },
  "gpxs7nhpzw3jgu6naazzoo5yyarrckrp": {
   "gdbm": {
    "version": "1.18.1",
    "arch": {
     "platform": "linux",
     "platform_os": "ubuntu18.04",
     "target": "x86_64"
    },
    "compiler": {
     "name": "gcc",
     "version": "7.5.0"
    },
    "namespace": "builtin",
    "parameters": {
     "cflags": [],
     "cppflags": [],
     "cxxflags": [],
     "fflags": [],
     "ldflags": [],
     "ldlibs": []
    },
    "dependencies": {
     "readline": {
      "hash": "27mjuppc6yr3xmbip4w2ryjsovbmhqd4",
      "type": [
       "build",
       "link"
      ]
     }
    },
    "hash": "4av4gywgpaspkhy3dvbb62nulqogtzbb"
   }
  },
  "27mjuppc6yr3xmbip4w2ryjsovbmhqd4": {
   "readline": {
    "version": "8.0",
    "arch": {
     "platform": "linux",
     "platform_os": "ubuntu18.04",
     "target": "x86_64"
    },
    "compiler": {
     "name": "gcc",
     "version": "7.5.0"
    },
    "namespace": "builtin",
    "parameters": {
     "cflags": [],
     "cppflags": [],
     "cxxflags": [],
     "fflags": [],
     "ldflags": [],
     "ldlibs": []
    },
    "dependencies": {
     "ncurses": {
      "hash": "3haan3ephzgukfq7keelbwvmpuulev2p",
      "type": [
       "build",
       "link"
      ]
     }
    },
    "hash": "t54jzdy2jj4snltjazlm3br2urcilc6v"
   }
  },
  "smoyzzo2qhzpn6mg6rd3l2p7b23enshg": {
   "zlib": {
    "version": "1.2.11",
    "arch": {
     "platform": "linux",
     "platform_os": "ubuntu18.04",
     "target": "x86_64"
    },
    "compiler": {
     "name": "gcc",
     "version": "7.5.0"
    },
    "namespace": "builtin",
    "parameters": {
     "optimize": true,
     "pic": true,
     "shared": true,
     "cflags": [],
     "cppflags": [],
     "cxxflags": [],
     "fflags": [],
     "ldflags": [],
     "ldlibs": []
    },
    "hash": "smoyzzo2qhzpn6mg6rd3l2p7b23enshg"
   }
  },
  "gswj2fbushu55c5yiciwowtujhzvsitq": {
   "cuda": {
    "version": "11.0.2",
    "arch": {
     "platform": "linux",
     "platform_os": "ubuntu18.04",
     "target": "x86_64"
    },
    "compiler": {
     "name": "gcc",
     "version": "7.5.0"
    },
    "namespace": "builtin",
    "parameters": {
     "cflags": [],
     "cppflags": [],
     "cxxflags": [],
     "fflags": [],
     "ldflags": [],
     "ldlibs": []
    },
    "dependencies": {
     "libxml2": {
      "hash": "apomvup6yidlm24ciys6akqk35h7mywz",
      "type": [
       "build",
       "link"
      ]
     }
    },
    "hash": "26nzkcdlxgh5jtjtvvkvni7nf2bnx4lx"
   }
  },
  "apomvup6yidlm24ciys6akqk35h7mywz": {
   "libxml2": {
    "version": "2.9.10",
    "arch": {
     "platform": "linux",
     "platform_os": "ubuntu18.04",
     "target": "x86_64"
    },
    "compiler": {
     "name": "gcc",
     "version": "7.5.0"
    },
    "namespace": "builtin",
    "parameters": {
     "python": false,
     "cflags": [],
     "cppflags": [],
     "cxxflags": [],
     "fflags": [],
     "ldflags": [],
     "ldlibs": []
    },
    "dependencies": {
     "libiconv": {
      "hash": "jearpk4xci4zc7dkrza4fufaqfkq7rfl",
      "type": [
       "build",
       "link"
      ]
     },
     "pkgconf": {
      "hash": "4sh6pymrm2ms4auu3ajbjjr6fiuhz5g7",
      "type": [
       "build"
      ]
     },
     "xz": {
      "hash": "komekkmyciga3kl24edjmredhj3uyt7v",
      "type": [
       "build",
       "link"
      ]
     },
     "zlib": {
      "hash": "smoyzzo2qhzpn6mg6rd3l2p7b23enshg",
      "type": [
       "build",
       "link"
      ]
     }
    },
    "hash": "yn2r3wfhiilelyulh5toteicdtxjhw7d"
   }
  },
  "jearpk4xci4zc7dkrza4fufaqfkq7rfl": {
   "libiconv": {
    "version": "1.16",
    "arch": {
     "platform": "linux",
     "platform_os": "ubuntu18.04",
     "target": "x86_64"
    },
    "compiler": {
     "name": "gcc",
     "version": "7.5.0"
    },
    "namespace": "builtin",
    "parameters": {
     "cflags": [],
     "cppflags": [],
     "cxxflags": [],
     "fflags": [],
     "ldflags": [],
     "ldlibs": []
    },
    "hash": "jearpk4xci4zc7dkrza4fufaqfkq7rfl"
   }
  },
  "komekkmyciga3kl24edjmredhj3uyt7v": {
   "xz": {
    "version": "5.2.5",
    "arch": {
     "platform": "linux",
     "platform_os": "ubuntu18.04",
     "target": "x86_64"
    },
    "compiler": {
     "name": "gcc",
     "version": "7.5.0"
    },
    "namespace": "builtin",
    "parameters": {
     "pic": false,
     "cflags": [],
     "cppflags": [],
     "cxxflags": [],
     "fflags": [],
     "ldflags": [],
     "ldlibs": []
    },
    "hash": "komekkmyciga3kl24edjmredhj3uyt7v"
   }
  },
  "n4yidr6drga43er2kfsurw4rmupcenti": {
   "mypkg": {
    "version": "main",
    "arch": {
     "platform": "linux",
     "platform_os": "ubuntu18.04",
     "target": "x86_64"
    },
    "compiler": {
     "name": "gcc",
     "version": "7.5.0"
    },
    "namespace": "spack",
    "parameters": {
     "build_type": "Debug",
     "cuda": true,
     "dev_path": "/sources/tools/environments/ci/../../..",
     "ipo": false,
     "mpi": false,
     "shared": false,
     "cflags": [],
     "cppflags": [],
     "cxxflags": [],
     "fflags": [],
     "ldflags": [],
     "ldlibs": []
    },
    "dependencies": {
     "cmake": {
      "hash": "ixcdygozpvzur6bbtyjxlptftvp6f2mz",
      "type": [
       "build"
      ]
     },
     "cuda": {
      "hash": "gswj2fbushu55c5yiciwowtujhzvsitq",
      "type": [
       "build",
       "link"
      ]
     }
    },
    "hash": "btixpexmumqgmqqgrsqekqzy5yistbiu"
   }
  }
 }
}